
Microsoft Visual Studio Solution File, Format Version 12.00
# Visual Studio Version 16
VisualStudioVersion = 16.0.30114.105
MinimumVisualStudioVersion = 10.0.40219.1
Project("{2150E333-8FDC-42A3-9474-1A3956D46DE8}") = "src", "src", "{D011576A-217C-4930-8797-7CCBD014DD70}"
EndProject
Project("{FAE04EC0-301F-11D3-BF4B-00C04F79EFBC}") = "Yoda.Services", "src\Yoda.Services\Yoda.Services.csproj", "{A46D1DF8-FCCA-4BA2-B803-FE9FA83A4894}"
EndProject
Global
	GlobalSection(SolutionConfigurationPlatforms) = preSolution
		Debug|Any CPU = Debug|Any CPU
		Release|Any CPU = Release|Any CPU
	EndGlobalSection
	GlobalSection(SolutionProperties) = preSolution
		HideSolutionNode = FALSE
	EndGlobalSection
	GlobalSection(ProjectConfigurationPlatforms) = postSolution
		{A46D1DF8-FCCA-4BA2-B803-FE9FA83A4894}.Debug|Any CPU.ActiveCfg = Debug|Any CPU
		{A46D1DF8-FCCA-4BA2-B803-FE9FA83A4894}.Debug|Any CPU.Build.0 = Debug|Any CPU
		{A46D1DF8-FCCA-4BA2-B803-FE9FA83A4894}.Release|Any CPU.ActiveCfg = Release|Any CPU
		{A46D1DF8-FCCA-4BA2-B803-FE9FA83A4894}.Release|Any CPU.Build.0 = Release|Any CPU
	EndGlobalSection
	GlobalSection(NestedProjects) = preSolution
		{A46D1DF8-FCCA-4BA2-B803-FE9FA83A4894} = {D011576A-217C-4930-8797-7CCBD014DD70}
	EndGlobalSection
EndGlobal
